// !$*UTF8*$!
{
	archiveVersion = 1;
	classes = {
	};
	objectVersion = 52;
	objects = {

/* Begin PBXBuildFile section */
		89D8FF4524ADBE8F00138B99 /* AppDelegate.swift in Sources */ = {isa = PBXBuildFile; fileRef = 89D8FF4424ADBE8F00138B99 /* AppDelegate.swift */; };
		89D8FF4924ADBE8F00138B99 /* ViewController.swift in Sources */ = {isa = PBXBuildFile; fileRef = 89D8FF4824ADBE8F00138B99 /* ViewController.swift */; };
		89D8FF4C24ADBE8F00138B99 /* Main.storyboard in Resources */ = {isa = PBXBuildFile; fileRef = 89D8FF4A24ADBE8F00138B99 /* Main.storyboard */; };
		89D8FF4E24ADBE9200138B99 /* Assets.xcassets in Resources */ = {isa = PBXBuildFile; fileRef = 89D8FF4D24ADBE9200138B99 /* Assets.xcassets */; };
		89D8FF5124ADBE9200138B99 /* LaunchScreen.storyboard in Resources */ = {isa = PBXBuildFile; fileRef = 89D8FF4F24ADBE9200138B99 /* LaunchScreen.storyboard */; };
		89D8FF5A24ADC08100138B99 /* PhotoGridViewController.swift in Sources */ = {isa = PBXBuildFile; fileRef = 89D8FF5924ADC08100138B99 /* PhotoGridViewController.swift */; };
		89D8FF5D24ADC39100138B99 /* SnapKit in Frameworks */ = {isa = PBXBuildFile; productRef = 89D8FF5C24ADC39100138B99 /* SnapKit */; };
		89D8FF5F24ADC9E700138B99 /* PhotoGridCell.swift in Sources */ = {isa = PBXBuildFile; fileRef = 89D8FF5E24ADC9E700138B99 /* PhotoGridCell.swift */; };
		89D8FF6224ADCDA700138B99 /* ImagePickerController.swift in Sources */ = {isa = PBXBuildFile; fileRef = 89D8FF6124ADCDA700138B99 /* ImagePickerController.swift */; };
		89D8FF6424AEC05A00138B99 /* ImageTableViewCell.swift in Sources */ = {isa = PBXBuildFile; fileRef = 89D8FF6324AEC05A00138B99 /* ImageTableViewCell.swift */; };
/* End PBXBuildFile section */

/* Begin PBXFileReference section */
		89D8FF4124ADBE8F00138B99 /* PhotoAlbumSample.app */ = {isa = PBXFileReference; explicitFileType = wrapper.application; includeInIndex = 0; path = PhotoAlbumSample.app; sourceTree = BUILT_PRODUCTS_DIR; };
		89D8FF4424ADBE8F00138B99 /* AppDelegate.swift */ = {isa = PBXFileReference; lastKnownFileType = sourcecode.swift; path = AppDelegate.swift; sourceTree = "<group>"; };
		89D8FF4824ADBE8F00138B99 /* ViewController.swift */ = {isa = PBXFileReference; lastKnownFileType = sourcecode.swift; path = ViewController.swift; sourceTree = "<group>"; };
		89D8FF4B24ADBE8F00138B99 /* Base */ = {isa = PBXFileReference; lastKnownFileType = file.storyboard; name = Base; path = Base.lproj/Main.storyboard; sourceTree = "<group>"; };
		89D8FF4D24ADBE9200138B99 /* Assets.xcassets */ = {isa = PBXFileReference; lastKnownFileType = folder.assetcatalog; path = Assets.xcassets; sourceTree = "<group>"; };
		89D8FF5024ADBE9200138B99 /* Base */ = {isa = PBXFileReference; lastKnownFileType = file.storyboard; name = Base; path = Base.lproj/LaunchScreen.storyboard; sourceTree = "<group>"; };
		89D8FF5224ADBE9200138B99 /* Info.plist */ = {isa = PBXFileReference; lastKnownFileType = text.plist.xml; path = Info.plist; sourceTree = "<group>"; };
		89D8FF5924ADC08100138B99 /* PhotoGridViewController.swift */ = {isa = PBXFileReference; lastKnownFileType = sourcecode.swift; path = PhotoGridViewController.swift; sourceTree = "<group>"; };
		89D8FF5E24ADC9E700138B99 /* PhotoGridCell.swift */ = {isa = PBXFileReference; lastKnownFileType = sourcecode.swift; path = PhotoGridCell.swift; sourceTree = "<group>"; };
		89D8FF6124ADCDA700138B99 /* ImagePickerController.swift */ = {isa = PBXFileReference; lastKnownFileType = sourcecode.swift; path = ImagePickerController.swift; sourceTree = "<group>"; };
		89D8FF6324AEC05A00138B99 /* ImageTableViewCell.swift */ = {isa = PBXFileReference; lastKnownFileType = sourcecode.swift; path = ImageTableViewCell.swift; sourceTree = "<group>"; };
/* End PBXFileReference section */

/* Begin PBXFrameworksBuildPhase section */
		89D8FF3E24ADBE8F00138B99 /* Frameworks */ = {
			isa = PBXFrameworksBuildPhase;
			buildActionMask = 2147483647;
			files = (
				89D8FF5D24ADC39100138B99 /* SnapKit in Frameworks */,
			);
			runOnlyForDeploymentPostprocessing = 0;
		};
/* End PBXFrameworksBuildPhase section */

/* Begin PBXGroup section */
		89D8FF3824ADBE8F00138B99 = {
			isa = PBXGroup;
			children = (
				89D8FF6024ADCD7F00138B99 /* ImagePickerView */,
				89D8FF5824ADBF0200138B99 /* PhotoGridView */,
				89D8FF4324ADBE8F00138B99 /* Example */,
				89D8FF4224ADBE8F00138B99 /* Products */,
			);
			sourceTree = "<group>";
		};
		89D8FF4224ADBE8F00138B99 /* Products */ = {
			isa = PBXGroup;
			children = (
				89D8FF4124ADBE8F00138B99 /* PhotoAlbumSample.app */,
			);
			name = Products;
			sourceTree = "<group>";
		};
		89D8FF4324ADBE8F00138B99 /* Example */ = {
			isa = PBXGroup;
			children = (
				89D8FF4424ADBE8F00138B99 /* AppDelegate.swift */,
				89D8FF4824ADBE8F00138B99 /* ViewController.swift */,
				89D8FF6324AEC05A00138B99 /* ImageTableViewCell.swift */,
				89D8FF4A24ADBE8F00138B99 /* Main.storyboard */,
				89D8FF4D24ADBE9200138B99 /* Assets.xcassets */,
				89D8FF4F24ADBE9200138B99 /* LaunchScreen.storyboard */,
				89D8FF5224ADBE9200138B99 /* Info.plist */,
			);
			path = Example;
			sourceTree = "<group>";
		};
		89D8FF5824ADBF0200138B99 /* PhotoGridView */ = {
			isa = PBXGroup;
			children = (
				89D8FF5924ADC08100138B99 /* PhotoGridViewController.swift */,
				89D8FF5E24ADC9E700138B99 /* PhotoGridCell.swift */,
			);
			path = PhotoGridView;
			sourceTree = "<group>";
		};
		89D8FF6024ADCD7F00138B99 /* ImagePickerView */ = {
			isa = PBXGroup;
			children = (
				89D8FF6124ADCDA700138B99 /* ImagePickerController.swift */,
			);
			path = ImagePickerView;
			sourceTree = "<group>";
		};
/* End PBXGroup section */

/* Begin PBXNativeTarget section */
		89D8FF4024ADBE8F00138B99 /* PhotoAlbumSample */ = {
			isa = PBXNativeTarget;
			buildConfigurationList = 89D8FF5524ADBE9200138B99 /* Build configuration list for PBXNativeTarget "PhotoAlbumSample" */;
			buildPhases = (
				89D8FF3D24ADBE8F00138B99 /* Sources */,
				89D8FF3E24ADBE8F00138B99 /* Frameworks */,
				89D8FF3F24ADBE8F00138B99 /* Resources */,
			);
			buildRules = (
			);
			dependencies = (
			);
			name = PhotoAlbumSample;
			packageProductDependencies = (
				89D8FF5C24ADC39100138B99 /* SnapKit */,
			);
			productName = PhotoAlbumSample;
			productReference = 89D8FF4124ADBE8F00138B99 /* PhotoAlbumSample.app */;
			productType = "com.apple.product-type.application";
		};
/* End PBXNativeTarget section */

/* Begin PBXProject section */
		89D8FF3924ADBE8F00138B99 /* Project object */ = {
			isa = PBXProject;
			attributes = {
				LastSwiftUpdateCheck = 1150;
				LastUpgradeCheck = 1150;
				ORGANIZATIONNAME = "Kyujin Kim";
				TargetAttributes = {
					89D8FF4024ADBE8F00138B99 = {
						CreatedOnToolsVersion = 11.5;
					};
				};
			};
			buildConfigurationList = 89D8FF3C24ADBE8F00138B99 /* Build configuration list for PBXProject "PhotoAlbumSample" */;
			compatibilityVersion = "Xcode 9.3";
			developmentRegion = en;
			hasScannedForEncodings = 0;
			knownRegions = (
				en,
				Base,
			);
			mainGroup = 89D8FF3824ADBE8F00138B99;
			packageReferences = (
				89D8FF5B24ADC39100138B99 /* XCRemoteSwiftPackageReference "SnapKit" */,
			);
			productRefGroup = 89D8FF4224ADBE8F00138B99 /* Products */;
			projectDirPath = "";
			projectRoot = "";
			targets = (
				89D8FF4024ADBE8F00138B99 /* PhotoAlbumSample */,
			);
		};
/* End PBXProject section */

/* Begin PBXResourcesBuildPhase section */
		89D8FF3F24ADBE8F00138B99 /* Resources */ = {
			isa = PBXResourcesBuildPhase;
			buildActionMask = 2147483647;
			files = (
				89D8FF5124ADBE9200138B99 /* LaunchScreen.storyboard in Resources */,
				89D8FF4E24ADBE9200138B99 /* Assets.xcassets in Resources */,
				89D8FF4C24ADBE8F00138B99 /* Main.storyboard in Resources */,
			);
			runOnlyForDeploymentPostprocessing = 0;
		};
/* End PBXResourcesBuildPhase section */

/* Begin PBXSourcesBuildPhase section */
		89D8FF3D24ADBE8F00138B99 /* Sources */ = {
			isa = PBXSourcesBuildPhase;
			buildActionMask = 2147483647;
			files = (
				89D8FF4924ADBE8F00138B99 /* ViewController.swift in Sources */,
				89D8FF6224ADCDA700138B99 /* ImagePickerController.swift in Sources */,
				89D8FF4524ADBE8F00138B99 /* AppDelegate.swift in Sources */,
				89D8FF6424AEC05A00138B99 /* ImageTableViewCell.swift in Sources */,
				89D8FF5F24ADC9E700138B99 /* PhotoGridCell.swift in Sources */,
				89D8FF5A24ADC08100138B99 /* PhotoGridViewController.swift in Sources */,
			);
			runOnlyForDeploymentPostprocessing = 0;
		};
/* End PBXSourcesBuildPhase section */

/* Begin PBXVariantGroup section */
		89D8FF4A24ADBE8F00138B99 /* Main.storyboard */ = {
			isa = PBXVariantGroup;
			children = (
				89D8FF4B24ADBE8F00138B99 /* Base */,
			);
			name = Main.storyboard;
			sourceTree = "<group>";
		};
		89D8FF4F24ADBE9200138B99 /* LaunchScreen.storyboard */ = {
			isa = PBXVariantGroup;
			children = (
				89D8FF5024ADBE9200138B99 /* Base */,
			);
			name = LaunchScreen.storyboard;
			sourceTree = "<group>";
		};
/* End PBXVariantGroup section */

/* Begin XCBuildConfiguration section */
		89D8FF5324ADBE9200138B99 /* Debug */ = {
			isa = XCBuildConfiguration;
			buildSettings = {
				ALWAYS_SEARCH_USER_PATHS = NO;
				CLANG_ANALYZER_NONNULL = YES;
				CLANG_ANALYZER_NUMBER_OBJECT_CONVERSION = YES_AGGRESSIVE;
				CLANG_CXX_LANGUAGE_STANDARD = "gnu++14";
				CLANG_CXX_LIBRARY = "libc++";
				CLANG_ENABLE_MODULES = YES;
				CLANG_ENABLE_OBJC_ARC = YES;
				CLANG_ENABLE_OBJC_WEAK = YES;
				CLANG_WARN_BLOCK_CAPTURE_AUTORELEASING = YES;
				CLANG_WARN_BOOL_CONVERSION = YES;
				CLANG_WARN_COMMA = YES;
				CLANG_WARN_CONSTANT_CONVERSION = YES;
				CLANG_WARN_DEPRECATED_OBJC_IMPLEMENTATIONS = YES;
				CLANG_WARN_DIRECT_OBJC_ISA_USAGE = YES_ERROR;
				CLANG_WARN_DOCUMENTATION_COMMENTS = YES;
				CLANG_WARN_EMPTY_BODY = YES;
				CLANG_WARN_ENUM_CONVERSION = YES;
				CLANG_WARN_INFINITE_RECURSION = YES;
				CLANG_WARN_INT_CONVERSION = YES;
				CLANG_WARN_NON_LITERAL_NULL_CONVERSION = YES;
				CLANG_WARN_OBJC_IMPLICIT_RETAIN_SELF = YES;
				CLANG_WARN_OBJC_LITERAL_CONVERSION = YES;
				CLANG_WARN_OBJC_ROOT_CLASS = YES_ERROR;
				CLANG_WARN_RANGE_LOOP_ANALYSIS = YES;
				CLANG_WARN_STRICT_PROTOTYPES = YES;
				CLANG_WARN_SUSPICIOUS_MOVE = YES;
				CLANG_WARN_UNGUARDED_AVAILABILITY = YES_AGGRESSIVE;
				CLANG_WARN_UNREACHABLE_CODE = YES;
				CLANG_WARN__DUPLICATE_METHOD_MATCH = YES;
				COPY_PHASE_STRIP = NO;
				DEBUG_INFORMATION_FORMAT = dwarf;
				ENABLE_STRICT_OBJC_MSGSEND = YES;
				ENABLE_TESTABILITY = YES;
				GCC_C_LANGUAGE_STANDARD = gnu11;
				GCC_DYNAMIC_NO_PIC = NO;
				GCC_NO_COMMON_BLOCKS = YES;
				GCC_OPTIMIZATION_LEVEL = 0;
				GCC_PREPROCESSOR_DEFINITIONS = (
					"DEBUG=1",
					"$(inherited)",
				);
				GCC_WARN_64_TO_32_BIT_CONVERSION = YES;
				GCC_WARN_ABOUT_RETURN_TYPE = YES_ERROR;
				GCC_WARN_UNDECLARED_SELECTOR = YES;
				GCC_WARN_UNINITIALIZED_AUTOS = YES_AGGRESSIVE;
				GCC_WARN_UNUSED_FUNCTION = YES;
				GCC_WARN_UNUSED_VARIABLE = YES;
				IPHONEOS_DEPLOYMENT_TARGET = 11.0;
				MTL_ENABLE_DEBUG_INFO = INCLUDE_SOURCE;
				MTL_FAST_MATH = YES;
				ONLY_ACTIVE_ARCH = YES;
				SDKROOT = iphoneos;
				SWIFT_ACTIVE_COMPILATION_CONDITIONS = DEBUG;
				SWIFT_OPTIMIZATION_LEVEL = "-Onone";
			};
			name = Debug;
		};
		89D8FF5424ADBE9200138B99 /* Release */ = {
			isa = XCBuildConfiguration;
			buildSettings = {
				ALWAYS_SEARCH_USER_PATHS = NO;
				CLANG_ANALYZER_NONNULL = YES;
				CLANG_ANALYZER_NUMBER_OBJECT_CONVERSION = YES_AGGRESSIVE;
				CLANG_CXX_LANGUAGE_STANDARD = "gnu++14";
				CLANG_CXX_LIBRARY = "libc++";
				CLANG_ENABLE_MODULES = YES;
				CLANG_ENABLE_OBJC_ARC = YES;
				CLANG_ENABLE_OBJC_WEAK = YES;
				CLANG_WARN_BLOCK_CAPTURE_AUTORELEASING = YES;
				CLANG_WARN_BOOL_CONVERSION = YES;
				CLANG_WARN_COMMA = YES;
				CLANG_WARN_CONSTANT_CONVERSION = YES;
				CLANG_WARN_DEPRECATED_OBJC_IMPLEMENTATIONS = YES;
				CLANG_WARN_DIRECT_OBJC_ISA_USAGE = YES_ERROR;
				CLANG_WARN_DOCUMENTATION_COMMENTS = YES;
				CLANG_WARN_EMPTY_BODY = YES;
				CLANG_WARN_ENUM_CONVERSION = YES;
				CLANG_WARN_INFINITE_RECURSION = YES;
				CLANG_WARN_INT_CONVERSION = YES;
				CLANG_WARN_NON_LITERAL_NULL_CONVERSION = YES;
				CLANG_WARN_OBJC_IMPLICIT_RETAIN_SELF = YES;
				CLANG_WARN_OBJC_LITERAL_CONVERSION = YES;
				CLANG_WARN_OBJC_ROOT_CLASS = YES_ERROR;
				CLANG_WARN_RANGE_LOOP_ANALYSIS = YES;
				CLANG_WARN_STRICT_PROTOTYPES = YES;
				CLANG_WARN_SUSPICIOUS_MOVE = YES;
				CLANG_WARN_UNGUARDED_AVAILABILITY = YES_AGGRESSIVE;
				CLANG_WARN_UNREACHABLE_CODE = YES;
				CLANG_WARN__DUPLICATE_METHOD_MATCH = YES;
				COPY_PHASE_STRIP = NO;
				DEBUG_INFORMATION_FORMAT = "dwarf-with-dsym";
				ENABLE_NS_ASSERTIONS = NO;
				ENABLE_STRICT_OBJC_MSGSEND = YES;
				GCC_C_LANGUAGE_STANDARD = gnu11;
				GCC_NO_COMMON_BLOCKS = YES;
				GCC_WARN_64_TO_32_BIT_CONVERSION = YES;
				GCC_WARN_ABOUT_RETURN_TYPE = YES_ERROR;
				GCC_WARN_UNDECLARED_SELECTOR = YES;
				GCC_WARN_UNINITIALIZED_AUTOS = YES_AGGRESSIVE;
				GCC_WARN_UNUSED_FUNCTION = YES;
				GCC_WARN_UNUSED_VARIABLE = YES;
				IPHONEOS_DEPLOYMENT_TARGET = 11.0;
				MTL_ENABLE_DEBUG_INFO = NO;
				MTL_FAST_MATH = YES;
				SDKROOT = iphoneos;
				SWIFT_COMPILATION_MODE = wholemodule;
				SWIFT_OPTIMIZATION_LEVEL = "-O";
				VALIDATE_PRODUCT = YES;
			};
			name = Release;
		};
		89D8FF5624ADBE9200138B99 /* Debug */ = {
			isa = XCBuildConfiguration;
			buildSettings = {
				ASSETCATALOG_COMPILER_APPICON_NAME = AppIcon;
				CODE_SIGN_STYLE = Automatic;
				INFOPLIST_FILE = Example/Info.plist;
				LD_RUNPATH_SEARCH_PATHS = (
					"$(inherited)",
					"@executable_path/Frameworks",
				);
				PRODUCT_BUNDLE_IDENTIFIER = com.qroquis.PhotoAlbumSample;
				PRODUCT_NAME = "$(TARGET_NAME)";
				SWIFT_VERSION = 5.0;
				TARGETED_DEVICE_FAMILY = 1;
			};
			name = Debug;
		};
		89D8FF5724ADBE9200138B99 /* Release */ = {
			isa = XCBuildConfiguration;
			buildSettings = {
				ASSETCATALOG_COMPILER_APPICON_NAME = AppIcon;
				CODE_SIGN_STYLE = Automatic;
				INFOPLIST_FILE = Example/Info.plist;
				LD_RUNPATH_SEARCH_PATHS = (
					"$(inherited)",
					"@executable_path/Frameworks",
				);
				PRODUCT_BUNDLE_IDENTIFIER = com.qroquis.PhotoAlbumSample;
				PRODUCT_NAME = "$(TARGET_NAME)";
				SWIFT_VERSION = 5.0;
				TARGETED_DEVICE_FAMILY = 1;
			};
			name = Release;
		};
/* End XCBuildConfiguration section */

/* Begin XCConfigurationList section */
		89D8FF3C24ADBE8F00138B99 /* Build configuration list for PBXProject "PhotoAlbumSample" */ = {
			isa = XCConfigurationList;
			buildConfigurations = (
				89D8FF5324ADBE9200138B99 /* Debug */,
				89D8FF5424ADBE9200138B99 /* Release */,
			);
			defaultConfigurationIsVisible = 0;
			defaultConfigurationName = Release;
		};
		89D8FF5524ADBE9200138B99 /* Build configuration list for PBXNativeTarget "PhotoAlbumSample" */ = {
			isa = XCConfigurationList;
			buildConfigurations = (
				89D8FF5624ADBE9200138B99 /* Debug */,
				89D8FF5724ADBE9200138B99 /* Release */,
			);
			defaultConfigurationIsVisible = 0;
			defaultConfigurationName = Release;
		};
/* End XCConfigurationList section */

/* Begin XCRemoteSwiftPackageReference section */
		89D8FF5B24ADC39100138B99 /* XCRemoteSwiftPackageReference "SnapKit" */ = {
			isa = XCRemoteSwiftPackageReference;
			repositoryURL = "git@github.com:SnapKit/SnapKit.git";
			requirement = {
				kind = upToNextMajorVersion;
				minimumVersion = 5.0.1;
			};
		};
/* End XCRemoteSwiftPackageReference section */

/* Begin XCSwiftPackageProductDependency section */
		89D8FF5C24ADC39100138B99 /* SnapKit */ = {
			isa = XCSwiftPackageProductDependency;
			package = 89D8FF5B24ADC39100138B99 /* XCRemoteSwiftPackageReference "SnapKit" */;
			productName = SnapKit;
		};
/* End XCSwiftPackageProductDependency section */
	};
	rootObject = 89D8FF3924ADBE8F00138B99 /* Project object */;
}
